
Microsoft Visual Studio Solution File, Format Version 12.00
# Visual Studio 15
VisualStudioVersion = 15.0.28307.136
MinimumVisualStudioVersion = 10.0.40219.1
Project("{FAE04EC0-301F-11D3-BF4B-00C04F79EFBC}") = "TeamsiteWeb", "Teamsite\TeamsiteWeb.csproj", "{C91B10A5-2056-495B-B80A-AE798029A39B}"
EndProject
Project("{FAE04EC0-301F-11D3-BF4B-00C04F79EFBC}") = "TeamsiteApi", "TeamsiteApi\TeamsiteApi.csproj", "{0427F64F-A853-478D-9332-8F4AB1CFBEAE}"
EndProject
Global
	GlobalSection(SolutionConfigurationPlatforms) = preSolution
		Debug|Any CPU = Debug|Any CPU
		Release|Any CPU = Release|Any CPU
	EndGlobalSection
	GlobalSection(ProjectConfigurationPlatforms) = postSolution
		{C91B10A5-2056-495B-B80A-AE798029A39B}.Debug|Any CPU.ActiveCfg = Debug|Any CPU
		{C91B10A5-2056-495B-B80A-AE798029A39B}.Debug|Any CPU.Build.0 = Debug|Any CPU
		{C91B10A5-2056-495B-B80A-AE798029A39B}.Release|Any CPU.ActiveCfg = Release|Any CPU
		{C91B10A5-2056-495B-B80A-AE798029A39B}.Release|Any CPU.Build.0 = Release|Any CPU
		{0427F64F-A853-478D-9332-8F4AB1CFBEAE}.Debug|Any CPU.ActiveCfg = Debug|Any CPU
		{0427F64F-A853-478D-9332-8F4AB1CFBEAE}.Debug|Any CPU.Build.0 = Debug|Any CPU
		{0427F64F-A853-478D-9332-8F4AB1CFBEAE}.Release|Any CPU.ActiveCfg = Release|Any CPU
		{0427F64F-A853-478D-9332-8F4AB1CFBEAE}.Release|Any CPU.Build.0 = Release|Any CPU
	EndGlobalSection
	GlobalSection(SolutionProperties) = preSolution
		HideSolutionNode = FALSE
	EndGlobalSection
	GlobalSection(ExtensibilityGlobals) = postSolution
		SolutionGuid = {60A4E406-0453-404D-B508-8D98EB7190BB}
	EndGlobalSection
EndGlobal
